
Microsoft Visual Studio Solution File, Format Version 12.00
# Visual Studio 2013
VisualStudioVersion = 12.0.21005.1
MinimumVisualStudioVersion = 10.0.40219.1
Project("{FAE04EC0-301F-11D3-BF4B-00C04F79EFBC}") = "NeVa", "src\neva\NeVa.csproj", "{7A9F256D-D124-4922-86B1-AC589A79E232}"
EndProject
Project("{FAE04EC0-301F-11D3-BF4B-00C04F79EFBC}") = "NeVa.Tests", "test\neva\NeVa.Tests.csproj", "{34A33864-58D3-41E1-BC52-BC0510F0F234}"
EndProject
Project("{FAE04EC0-301F-11D3-BF4B-00C04F79EFBC}") = "NeVa.Specs", "specs\neva\NeVa.Specs.csproj", "{9C1BD9DE-26BA-4821-B0D9-4916AB427156}"
EndProject
Global
	GlobalSection(SolutionConfigurationPlatforms) = preSolution
		Debug|Any CPU = Debug|Any CPU
		Release|Any CPU = Release|Any CPU
	EndGlobalSection
	GlobalSection(ProjectConfigurationPlatforms) = postSolution
		{7A9F256D-D124-4922-86B1-AC589A79E232}.Debug|Any CPU.ActiveCfg = Debug|Any CPU
		{7A9F256D-D124-4922-86B1-AC589A79E232}.Debug|Any CPU.Build.0 = Debug|Any CPU
		{7A9F256D-D124-4922-86B1-AC589A79E232}.Release|Any CPU.ActiveCfg = Release|Any CPU
		{7A9F256D-D124-4922-86B1-AC589A79E232}.Release|Any CPU.Build.0 = Release|Any CPU
		{34A33864-58D3-41E1-BC52-BC0510F0F234}.Debug|Any CPU.ActiveCfg = Debug|Any CPU
		{34A33864-58D3-41E1-BC52-BC0510F0F234}.Debug|Any CPU.Build.0 = Debug|Any CPU
		{34A33864-58D3-41E1-BC52-BC0510F0F234}.Release|Any CPU.ActiveCfg = Release|Any CPU
		{34A33864-58D3-41E1-BC52-BC0510F0F234}.Release|Any CPU.Build.0 = Release|Any CPU
		{9C1BD9DE-26BA-4821-B0D9-4916AB427156}.Debug|Any CPU.ActiveCfg = Debug|Any CPU
		{9C1BD9DE-26BA-4821-B0D9-4916AB427156}.Debug|Any CPU.Build.0 = Debug|Any CPU
		{9C1BD9DE-26BA-4821-B0D9-4916AB427156}.Release|Any CPU.ActiveCfg = Release|Any CPU
		{9C1BD9DE-26BA-4821-B0D9-4916AB427156}.Release|Any CPU.Build.0 = Release|Any CPU
	EndGlobalSection
	GlobalSection(SolutionProperties) = preSolution
		HideSolutionNode = FALSE
	EndGlobalSection
EndGlobal
